{
  "name": "setup-terrazone",
  "version": "1.0.0",
  "lockfileVersion": 3,
  "requires": true,
  "packages": {
    "": {
      "name": "setup-terrazone",
      "version": "1.0.0",
      "license": "ISC",
      "dependencies": {
        "dotenv": "^16.4.5",
        "node-appwrite": "^14.0.0-rc.1"
      }
    },
    "node_modules/dotenv": {
      "version": "16.4.5",
      "resolved": "https://registry.npmjs.org/dotenv/-/dotenv-16.4.5.tgz",
      "integrity": "sha512-ZmdL2rui+eB2YwhsWzjInR8LldtZHGDoQ1ugH85ppHKwpUHL7j7rN0Ti9NCnGiQbhaZ11FpR+7ao1dNsmduNUg==",
      "engines": {
        "node": ">=12"
      },
      "funding": {
        "url": "https://dotenvx.com"
      }
    },
    "node_modules/node-appwrite": {
      "version": "14.0.0-rc.1",
      "resolved": "https://registry.npmjs.org/node-appwrite/-/node-appwrite-14.0.0-rc.1.tgz",
      "integrity": "sha512-wFAK2yFm57Ya+/Q5nPOTpGfFztZwwXAYOzZLdapjUiGNViWFLkMuE6C0j+1g6Pk0Uqe3ZgE02jFqTYAhXR+73A==",
      "dependencies": {
        "node-fetch-native-with-agent": "1.7.2"
      }
    },
    "node_modules/node-fetch-native-with-agent": {
      "version": "1.7.2",
      "resolved": "https://registry.npmjs.org/node-fetch-native-with-agent/-/node-fetch-native-with-agent-1.7.2.tgz",
      "integrity": "sha512-5MaOOCuJEvcckoz7/tjdx1M6OusOY6Xc5f459IaruGStWnKzlI1qpNgaAwmn4LmFYcsSlj+jBMk84wmmRxfk5g=="
    }
  }
}
